// !$*UTF8*$!
{
	archiveVersion = 1;
	classes = {
	};
	objectVersion = 46;
	objects = {

/* Begin PBXBuildFile section */
		494070C81BD405CB00944959 /* Location.swift in Sources */ = {isa = PBXBuildFile; fileRef = 494070C71BD405CB00944959 /* Location.swift */; settings = {ASSET_TAGS = (); }; };
		494070CA1BD40C6D00944959 /* coreRestAPI.swift in Sources */ = {isa = PBXBuildFile; fileRef = 494070C91BD40C6D00944959 /* coreRestAPI.swift */; settings = {ASSET_TAGS = (); }; };
		494070CC1BD40D6800944959 /* FlickrClient.swift in Sources */ = {isa = PBXBuildFile; fileRef = 494070CB1BD40D6800944959 /* FlickrClient.swift */; settings = {ASSET_TAGS = (); }; };
		494070CE1BD40FDF00944959 /* FlickrConstants.swift in Sources */ = {isa = PBXBuildFile; fileRef = 494070CD1BD40FDF00944959 /* FlickrConstants.swift */; settings = {ASSET_TAGS = (); }; };
		4951BBC51BCB90710034D872 /* AppDelegate.swift in Sources */ = {isa = PBXBuildFile; fileRef = 4951BBC41BCB90710034D872 /* AppDelegate.swift */; };
		4951BBC71BCB90710034D872 /* TouristViewController.swift in Sources */ = {isa = PBXBuildFile; fileRef = 4951BBC61BCB90710034D872 /* TouristViewController.swift */; };
		4951BBCA1BCB90710034D872 /* Main.storyboard in Resources */ = {isa = PBXBuildFile; fileRef = 4951BBC81BCB90710034D872 /* Main.storyboard */; };
		4951BBCF1BCB90710034D872 /* Assets.xcassets in Resources */ = {isa = PBXBuildFile; fileRef = 4951BBCE1BCB90710034D872 /* Assets.xcassets */; };
		4951BBD21BCB90710034D872 /* LaunchScreen.storyboard in Resources */ = {isa = PBXBuildFile; fileRef = 4951BBD01BCB90710034D872 /* LaunchScreen.storyboard */; };
		4951BBDD1BCB90710034D872 /* Virtual_TouristTests.swift in Sources */ = {isa = PBXBuildFile; fileRef = 4951BBDC1BCB90710034D872 /* Virtual_TouristTests.swift */; };
		4951BBE81BCB90710034D872 /* Virtual_TouristUITests.swift in Sources */ = {isa = PBXBuildFile; fileRef = 4951BBE71BCB90710034D872 /* Virtual_TouristUITests.swift */; };
		496DF9EC1BD470FF0018BD17 /* LocationAlbumViewController.swift in Sources */ = {isa = PBXBuildFile; fileRef = 496DF9EB1BD470FF0018BD17 /* LocationAlbumViewController.swift */; settings = {ASSET_TAGS = (); }; };
		496DF9EF1BD473150018BD17 /* LocationAlbumViewCell.swift in Sources */ = {isa = PBXBuildFile; fileRef = 496DF9EE1BD473150018BD17 /* LocationAlbumViewCell.swift */; settings = {ASSET_TAGS = (); }; };
		496DF9F11BD487A00018BD17 /* CoreDataStackManager.swift in Sources */ = {isa = PBXBuildFile; fileRef = 496DF9F01BD487A00018BD17 /* CoreDataStackManager.swift */; settings = {ASSET_TAGS = (); }; };
		496DF9F71BD490CC0018BD17 /* Model.xcdatamodeld in Sources */ = {isa = PBXBuildFile; fileRef = 496DF9F51BD490CC0018BD17 /* Model.xcdatamodeld */; settings = {ASSET_TAGS = (); }; };
		49F6E2861BD5C71B0009C27E /* Photo.swift in Sources */ = {isa = PBXBuildFile; fileRef = 49F6E2851BD5C71B0009C27E /* Photo.swift */; settings = {ASSET_TAGS = (); }; };
		49F6E2881BD60C900009C27E /* ImageCache.swift in Sources */ = {isa = PBXBuildFile; fileRef = 49F6E2871BD60C900009C27E /* ImageCache.swift */; settings = {ASSET_TAGS = (); }; };
/* End PBXBuildFile section */

/* Begin PBXContainerItemProxy section */
		4951BBD91BCB90710034D872 /* PBXContainerItemProxy */ = {
			isa = PBXContainerItemProxy;
			containerPortal = 4951BBB91BCB90710034D872 /* Project object */;
			proxyType = 1;
			remoteGlobalIDString = 4951BBC01BCB90710034D872;
			remoteInfo = "Virtual Tourist";
		};
		4951BBE41BCB90710034D872 /* PBXContainerItemProxy */ = {
			isa = PBXContainerItemProxy;
			containerPortal = 4951BBB91BCB90710034D872 /* Project object */;
			proxyType = 1;
			remoteGlobalIDString = 4951BBC01BCB90710034D872;
			remoteInfo = "Virtual Tourist";
		};
/* End PBXContainerItemProxy section */

/* Begin PBXFileReference section */
		494070C71BD405CB00944959 /* Location.swift */ = {isa = PBXFileReference; fileEncoding = 4; lastKnownFileType = sourcecode.swift; path = Location.swift; sourceTree = "<group>"; };
		494070C91BD40C6D00944959 /* coreRestAPI.swift */ = {isa = PBXFileReference; fileEncoding = 4; lastKnownFileType = sourcecode.swift; path = coreRestAPI.swift; sourceTree = "<group>"; };
		494070CB1BD40D6800944959 /* FlickrClient.swift */ = {isa = PBXFileReference; fileEncoding = 4; lastKnownFileType = sourcecode.swift; path = FlickrClient.swift; sourceTree = "<group>"; };
		494070CD1BD40FDF00944959 /* FlickrConstants.swift */ = {isa = PBXFileReference; fileEncoding = 4; lastKnownFileType = sourcecode.swift; path = FlickrConstants.swift; sourceTree = "<group>"; };
		4951BBC11BCB90710034D872 /* Virtual Tourist.app */ = {isa = PBXFileReference; explicitFileType = wrapper.application; includeInIndex = 0; path = "Virtual Tourist.app"; sourceTree = BUILT_PRODUCTS_DIR; };
		4951BBC41BCB90710034D872 /* AppDelegate.swift */ = {isa = PBXFileReference; lastKnownFileType = sourcecode.swift; path = AppDelegate.swift; sourceTree = "<group>"; };
		4951BBC61BCB90710034D872 /* TouristViewController.swift */ = {isa = PBXFileReference; lastKnownFileType = sourcecode.swift; path = TouristViewController.swift; sourceTree = "<group>"; };
		4951BBC91BCB90710034D872 /* Base */ = {isa = PBXFileReference; lastKnownFileType = file.storyboard; name = Base; path = Base.lproj/Main.storyboard; sourceTree = "<group>"; };
		4951BBCE1BCB90710034D872 /* Assets.xcassets */ = {isa = PBXFileReference; lastKnownFileType = folder.assetcatalog; path = Assets.xcassets; sourceTree = "<group>"; };
		4951BBD11BCB90710034D872 /* Base */ = {isa = PBXFileReference; lastKnownFileType = file.storyboard; name = Base; path = Base.lproj/LaunchScreen.storyboard; sourceTree = "<group>"; };
		4951BBD31BCB90710034D872 /* Info.plist */ = {isa = PBXFileReference; lastKnownFileType = text.plist.xml; path = Info.plist; sourceTree = "<group>"; };
		4951BBD81BCB90710034D872 /* Virtual TouristTests.xctest */ = {isa = PBXFileReference; explicitFileType = wrapper.cfbundle; includeInIndex = 0; path = "Virtual TouristTests.xctest"; sourceTree = BUILT_PRODUCTS_DIR; };
		4951BBDC1BCB90710034D872 /* Virtual_TouristTests.swift */ = {isa = PBXFileReference; lastKnownFileType = sourcecode.swift; path = Virtual_TouristTests.swift; sourceTree = "<group>"; };
		4951BBDE1BCB90710034D872 /* Info.plist */ = {isa = PBXFileReference; lastKnownFileType = text.plist.xml; path = Info.plist; sourceTree = "<group>"; };
		4951BBE31BCB90710034D872 /* Virtual TouristUITests.xctest */ = {isa = PBXFileReference; explicitFileType = wrapper.cfbundle; includeInIndex = 0; path = "Virtual TouristUITests.xctest"; sourceTree = BUILT_PRODUCTS_DIR; };
		4951BBE71BCB90710034D872 /* Virtual_TouristUITests.swift */ = {isa = PBXFileReference; lastKnownFileType = sourcecode.swift; path = Virtual_TouristUITests.swift; sourceTree = "<group>"; };
		4951BBE91BCB90710034D872 /* Info.plist */ = {isa = PBXFileReference; lastKnownFileType = text.plist.xml; path = Info.plist; sourceTree = "<group>"; };
		496DF9EB1BD470FF0018BD17 /* LocationAlbumViewController.swift */ = {isa = PBXFileReference; fileEncoding = 4; lastKnownFileType = sourcecode.swift; name = LocationAlbumViewController.swift; path = ../LocationAlbumViewController.swift; sourceTree = "<group>"; };
		496DF9EE1BD473150018BD17 /* LocationAlbumViewCell.swift */ = {isa = PBXFileReference; fileEncoding = 4; lastKnownFileType = sourcecode.swift; path = LocationAlbumViewCell.swift; sourceTree = "<group>"; };
		496DF9F01BD487A00018BD17 /* CoreDataStackManager.swift */ = {isa = PBXFileReference; fileEncoding = 4; lastKnownFileType = sourcecode.swift; path = CoreDataStackManager.swift; sourceTree = "<group>"; };
		496DF9F61BD490CC0018BD17 /* Model.xcdatamodel */ = {isa = PBXFileReference; lastKnownFileType = wrapper.xcdatamodel; path = Model.xcdatamodel; sourceTree = "<group>"; };
		49F6E2851BD5C71B0009C27E /* Photo.swift */ = {isa = PBXFileReference; fileEncoding = 4; lastKnownFileType = sourcecode.swift; path = Photo.swift; sourceTree = "<group>"; };
		49F6E2871BD60C900009C27E /* ImageCache.swift */ = {isa = PBXFileReference; fileEncoding = 4; lastKnownFileType = sourcecode.swift; path = ImageCache.swift; sourceTree = "<group>"; };
/* End PBXFileReference section */

/* Begin PBXFrameworksBuildPhase section */
		4951BBBE1BCB90710034D872 /* Frameworks */ = {
			isa = PBXFrameworksBuildPhase;
			buildActionMask = 2147483647;
			files = (
			);
			runOnlyForDeploymentPostprocessing = 0;
		};
		4951BBD51BCB90710034D872 /* Frameworks */ = {
			isa = PBXFrameworksBuildPhase;
			buildActionMask = 2147483647;
			files = (
			);
			runOnlyForDeploymentPostprocessing = 0;
		};
		4951BBE01BCB90710034D872 /* Frameworks */ = {
			isa = PBXFrameworksBuildPhase;
			buildActionMask = 2147483647;
			files = (
			);
			runOnlyForDeploymentPostprocessing = 0;
		};
/* End PBXFrameworksBuildPhase section */

/* Begin PBXGroup section */
		494070C61BD405B600944959 /* Models */ = {
			isa = PBXGroup;
			children = (
				494070C71BD405CB00944959 /* Location.swift */,
				496DF9EE1BD473150018BD17 /* LocationAlbumViewCell.swift */,
				49F6E2851BD5C71B0009C27E /* Photo.swift */,
			);
			name = Models;
			sourceTree = "<group>";
		};
		494070CF1BD40FE900944959 /* Clients */ = {
			isa = PBXGroup;
			children = (
				494070C91BD40C6D00944959 /* coreRestAPI.swift */,
				494070D01BD40FF000944959 /* Flickr */,
			);
			name = Clients;
			sourceTree = "<group>";
		};
		494070D01BD40FF000944959 /* Flickr */ = {
			isa = PBXGroup;
			children = (
				494070CB1BD40D6800944959 /* FlickrClient.swift */,
				494070CD1BD40FDF00944959 /* FlickrConstants.swift */,
				49F6E2871BD60C900009C27E /* ImageCache.swift */,
			);
			name = Flickr;
			sourceTree = "<group>";
		};
		4951BBB81BCB90710034D872 = {
			isa = PBXGroup;
			children = (
				496DF9F51BD490CC0018BD17 /* Model.xcdatamodeld */,
				4951BBC31BCB90710034D872 /* Virtual Tourist */,
				4951BBDB1BCB90710034D872 /* Virtual TouristTests */,
				4951BBE61BCB90710034D872 /* Virtual TouristUITests */,
				4951BBC21BCB90710034D872 /* Products */,
			);
			sourceTree = "<group>";
		};
		4951BBC21BCB90710034D872 /* Products */ = {
			isa = PBXGroup;
			children = (
				4951BBC11BCB90710034D872 /* Virtual Tourist.app */,
				4951BBD81BCB90710034D872 /* Virtual TouristTests.xctest */,
				4951BBE31BCB90710034D872 /* Virtual TouristUITests.xctest */,
			);
			name = Products;
			sourceTree = "<group>";
		};
		4951BBC31BCB90710034D872 /* Virtual Tourist */ = {
			isa = PBXGroup;
			children = (
				496DF9F01BD487A00018BD17 /* CoreDataStackManager.swift */,
				494070CF1BD40FE900944959 /* Clients */,
				494070C61BD405B600944959 /* Models */,
				496DF9ED1BD471160018BD17 /* View Controllers */,
				4951BBC41BCB90710034D872 /* AppDelegate.swift */,
				4951BBC81BCB90710034D872 /* Main.storyboard */,
				4951BBCE1BCB90710034D872 /* Assets.xcassets */,
				4951BBD01BCB90710034D872 /* LaunchScreen.storyboard */,
				4951BBD31BCB90710034D872 /* Info.plist */,
			);
			path = "Virtual Tourist";
			sourceTree = "<group>";
		};
		4951BBDB1BCB90710034D872 /* Virtual TouristTests */ = {
			isa = PBXGroup;
			children = (
				4951BBDC1BCB90710034D872 /* Virtual_TouristTests.swift */,
				4951BBDE1BCB90710034D872 /* Info.plist */,
			);
			path = "Virtual TouristTests";
			sourceTree = "<group>";
		};
		4951BBE61BCB90710034D872 /* Virtual TouristUITests */ = {
			isa = PBXGroup;
			children = (
				4951BBE71BCB90710034D872 /* Virtual_TouristUITests.swift */,
				4951BBE91BCB90710034D872 /* Info.plist */,
			);
			path = "Virtual TouristUITests";
			sourceTree = "<group>";
		};
		496DF9ED1BD471160018BD17 /* View Controllers */ = {
			isa = PBXGroup;
			children = (
				4951BBC61BCB90710034D872 /* TouristViewController.swift */,
				496DF9EB1BD470FF0018BD17 /* LocationAlbumViewController.swift */,
			);
			name = "View Controllers";
			sourceTree = "<group>";
		};
/* End PBXGroup section */

/* Begin PBXNativeTarget section */
		4951BBC01BCB90710034D872 /* Virtual Tourist */ = {
			isa = PBXNativeTarget;
			buildConfigurationList = 4951BBEC1BCB90710034D872 /* Build configuration list for PBXNativeTarget "Virtual Tourist" */;
			buildPhases = (
				4951BBBD1BCB90710034D872 /* Sources */,
				4951BBBE1BCB90710034D872 /* Frameworks */,
				4951BBBF1BCB90710034D872 /* Resources */,
			);
			buildRules = (
			);
			dependencies = (
			);
			name = "Virtual Tourist";
			productName = "Virtual Tourist";
			productReference = 4951BBC11BCB90710034D872 /* Virtual Tourist.app */;
			productType = "com.apple.product-type.application";
		};
		4951BBD71BCB90710034D872 /* Virtual TouristTests */ = {
			isa = PBXNativeTarget;
			buildConfigurationList = 4951BBEF1BCB90710034D872 /* Build configuration list for PBXNativeTarget "Virtual TouristTests" */;
			buildPhases = (
				4951BBD41BCB90710034D872 /* Sources */,
				4951BBD51BCB90710034D872 /* Frameworks */,
				4951BBD61BCB90710034D872 /* Resources */,
			);
			buildRules = (
			);
			dependencies = (
				4951BBDA1BCB90710034D872 /* PBXTargetDependency */,
			);
			name = "Virtual TouristTests";
			productName = "Virtual TouristTests";
			productReference = 4951BBD81BCB90710034D872 /* Virtual TouristTests.xctest */;
			productType = "com.apple.product-type.bundle.unit-test";
		};
		4951BBE21BCB90710034D872 /* Virtual TouristUITests */ = {
			isa = PBXNativeTarget;
			buildConfigurationList = 4951BBF21BCB90710034D872 /* Build configuration list for PBXNativeTarget "Virtual TouristUITests" */;
			buildPhases = (
				4951BBDF1BCB90710034D872 /* Sources */,
				4951BBE01BCB90710034D872 /* Frameworks */,
				4951BBE11BCB90710034D872 /* Resources */,
			);
			buildRules = (
			);
			dependencies = (
				4951BBE51BCB90710034D872 /* PBXTargetDependency */,
			);
			name = "Virtual TouristUITests";
			productName = "Virtual TouristUITests";
			productReference = 4951BBE31BCB90710034D872 /* Virtual TouristUITests.xctest */;
			productType = "com.apple.product-type.bundle.ui-testing";
		};
/* End PBXNativeTarget section */

/* Begin PBXProject section */
		4951BBB91BCB90710034D872 /* Project object */ = {
			isa = PBXProject;
			attributes = {
				LastUpgradeCheck = 0700;
				ORGANIZATIONNAME = "Enrico Montana";
				TargetAttributes = {
					4951BBC01BCB90710034D872 = {
						CreatedOnToolsVersion = 7.0.1;
					};
					4951BBD71BCB90710034D872 = {
						CreatedOnToolsVersion = 7.0.1;
						TestTargetID = 4951BBC01BCB90710034D872;
					};
					4951BBE21BCB90710034D872 = {
						CreatedOnToolsVersion = 7.0.1;
						TestTargetID = 4951BBC01BCB90710034D872;
					};
				};
			};
			buildConfigurationList = 4951BBBC1BCB90710034D872 /* Build configuration list for PBXProject "Virtual Tourist" */;
			compatibilityVersion = "Xcode 3.2";
			developmentRegion = English;
			hasScannedForEncodings = 0;
			knownRegions = (
				en,
				Base,
			);
			mainGroup = 4951BBB81BCB90710034D872;
			productRefGroup = 4951BBC21BCB90710034D872 /* Products */;
			projectDirPath = "";
			projectRoot = "";
			targets = (
				4951BBC01BCB90710034D872 /* Virtual Tourist */,
				4951BBD71BCB90710034D872 /* Virtual TouristTests */,
				4951BBE21BCB90710034D872 /* Virtual TouristUITests */,
			);
		};
/* End PBXProject section */

/* Begin PBXResourcesBuildPhase section */
		4951BBBF1BCB90710034D872 /* Resources */ = {
			isa = PBXResourcesBuildPhase;
			buildActionMask = 2147483647;
			files = (
				4951BBD21BCB90710034D872 /* LaunchScreen.storyboard in Resources */,
				4951BBCF1BCB90710034D872 /* Assets.xcassets in Resources */,
				4951BBCA1BCB90710034D872 /* Main.storyboard in Resources */,
			);
			runOnlyForDeploymentPostprocessing = 0;
		};
		4951BBD61BCB90710034D872 /* Resources */ = {
			isa = PBXResourcesBuildPhase;
			buildActionMask = 2147483647;
			files = (
			);
			runOnlyForDeploymentPostprocessing = 0;
		};
		4951BBE11BCB90710034D872 /* Resources */ = {
			isa = PBXResourcesBuildPhase;
			buildActionMask = 2147483647;
			files = (
			);
			runOnlyForDeploymentPostprocessing = 0;
		};
/* End PBXResourcesBuildPhase section */

/* Begin PBXSourcesBuildPhase section */
		4951BBBD1BCB90710034D872 /* Sources */ = {
			isa = PBXSourcesBuildPhase;
			buildActionMask = 2147483647;
			files = (
				496DF9EF1BD473150018BD17 /* LocationAlbumViewCell.swift in Sources */,
				494070CE1BD40FDF00944959 /* FlickrConstants.swift in Sources */,
				4951BBC71BCB90710034D872 /* TouristViewController.swift in Sources */,
				496DF9F11BD487A00018BD17 /* CoreDataStackManager.swift in Sources */,
				4951BBC51BCB90710034D872 /* AppDelegate.swift in Sources */,
				494070CA1BD40C6D00944959 /* coreRestAPI.swift in Sources */,
				49F6E2881BD60C900009C27E /* ImageCache.swift in Sources */,
				494070C81BD405CB00944959 /* Location.swift in Sources */,
				49F6E2861BD5C71B0009C27E /* Photo.swift in Sources */,
				496DF9F71BD490CC0018BD17 /* Model.xcdatamodeld in Sources */,
				494070CC1BD40D6800944959 /* FlickrClient.swift in Sources */,
				496DF9EC1BD470FF0018BD17 /* LocationAlbumViewController.swift in Sources */,
			);
			runOnlyForDeploymentPostprocessing = 0;
		};
		4951BBD41BCB90710034D872 /* Sources */ = {
			isa = PBXSourcesBuildPhase;
			buildActionMask = 2147483647;
			files = (
				4951BBDD1BCB90710034D872 /* Virtual_TouristTests.swift in Sources */,
			);
			runOnlyForDeploymentPostprocessing = 0;
		};
		4951BBDF1BCB90710034D872 /* Sources */ = {
			isa = PBXSourcesBuildPhase;
			buildActionMask = 2147483647;
			files = (
				4951BBE81BCB90710034D872 /* Virtual_TouristUITests.swift in Sources */,
			);
			runOnlyForDeploymentPostprocessing = 0;
		};
/* End PBXSourcesBuildPhase section */

/* Begin PBXTargetDependency section */
		4951BBDA1BCB90710034D872 /* PBXTargetDependency */ = {
			isa = PBXTargetDependency;
			target = 4951BBC01BCB90710034D872 /* Virtual Tourist */;
			targetProxy = 4951BBD91BCB90710034D872 /* PBXContainerItemProxy */;
		};
		4951BBE51BCB90710034D872 /* PBXTargetDependency */ = {
			isa = PBXTargetDependency;
			target = 4951BBC01BCB90710034D872 /* Virtual Tourist */;
			targetProxy = 4951BBE41BCB90710034D872 /* PBXContainerItemProxy */;
		};
/* End PBXTargetDependency section */

/* Begin PBXVariantGroup section */
		4951BBC81BCB90710034D872 /* Main.storyboard */ = {
			isa = PBXVariantGroup;
			children = (
				4951BBC91BCB90710034D872 /* Base */,
			);
			name = Main.storyboard;
			sourceTree = "<group>";
		};
		4951BBD01BCB90710034D872 /* LaunchScreen.storyboard */ = {
			isa = PBXVariantGroup;
			children = (
				4951BBD11BCB90710034D872 /* Base */,
			);
			name = LaunchScreen.storyboard;
			sourceTree = "<group>";
		};
/* End PBXVariantGroup section */

/* Begin XCBuildConfiguration section */
		4951BBEA1BCB90710034D872 /* Debug */ = {
			isa = XCBuildConfiguration;
			buildSettings = {
				ALWAYS_SEARCH_USER_PATHS = NO;
				CLANG_CXX_LANGUAGE_STANDARD = "gnu++0x";
				CLANG_CXX_LIBRARY = "libc++";
				CLANG_ENABLE_MODULES = YES;
				CLANG_ENABLE_OBJC_ARC = YES;
				CLANG_WARN_BOOL_CONVERSION = YES;
				CLANG_WARN_CONSTANT_CONVERSION = YES;
				CLANG_WARN_DIRECT_OBJC_ISA_USAGE = YES_ERROR;
				CLANG_WARN_EMPTY_BODY = YES;
				CLANG_WARN_ENUM_CONVERSION = YES;
				CLANG_WARN_INT_CONVERSION = YES;
				CLANG_WARN_OBJC_ROOT_CLASS = YES_ERROR;
				CLANG_WARN_UNREACHABLE_CODE = YES;
				CLANG_WARN__DUPLICATE_METHOD_MATCH = YES;
				"CODE_SIGN_IDENTITY[sdk=iphoneos*]" = "iPhone Developer";
				COPY_PHASE_STRIP = NO;
				DEBUG_INFORMATION_FORMAT = dwarf;
				ENABLE_STRICT_OBJC_MSGSEND = YES;
				ENABLE_TESTABILITY = YES;
				GCC_C_LANGUAGE_STANDARD = gnu99;
				GCC_DYNAMIC_NO_PIC = NO;
				GCC_NO_COMMON_BLOCKS = YES;
				GCC_OPTIMIZATION_LEVEL = 0;
				GCC_PREPROCESSOR_DEFINITIONS = (
					"DEBUG=1",
					"$(inherited)",
				);
				GCC_WARN_64_TO_32_BIT_CONVERSION = YES;
				GCC_WARN_ABOUT_RETURN_TYPE = YES_ERROR;
				GCC_WARN_UNDECLARED_SELECTOR = YES;
				GCC_WARN_UNINITIALIZED_AUTOS = YES_AGGRESSIVE;
				GCC_WARN_UNUSED_FUNCTION = YES;
				GCC_WARN_UNUSED_VARIABLE = YES;
				IPHONEOS_DEPLOYMENT_TARGET = 9.0;
				MTL_ENABLE_DEBUG_INFO = YES;
				ONLY_ACTIVE_ARCH = YES;
				SDKROOT = iphoneos;
				SWIFT_OPTIMIZATION_LEVEL = "-Onone";
				TARGETED_DEVICE_FAMILY = "1,2";
			};
			name = Debug;
		};
		4951BBEB1BCB90710034D872 /* Release */ = {
			isa = XCBuildConfiguration;
			buildSettings = {
				ALWAYS_SEARCH_USER_PATHS = NO;
				CLANG_CXX_LANGUAGE_STANDARD = "gnu++0x";
				CLANG_CXX_LIBRARY = "libc++";
				CLANG_ENABLE_MODULES = YES;
				CLANG_ENABLE_OBJC_ARC = YES;
				CLANG_WARN_BOOL_CONVERSION = YES;
				CLANG_WARN_CONSTANT_CONVERSION = YES;
				CLANG_WARN_DIRECT_OBJC_ISA_USAGE = YES_ERROR;
				CLANG_WARN_EMPTY_BODY = YES;
				CLANG_WARN_ENUM_CONVERSION = YES;
				CLANG_WARN_INT_CONVERSION = YES;
				CLANG_WARN_OBJC_ROOT_CLASS = YES_ERROR;
				CLANG_WARN_UNREACHABLE_CODE = YES;
				CLANG_WARN__DUPLICATE_METHOD_MATCH = YES;
				"CODE_SIGN_IDENTITY[sdk=iphoneos*]" = "iPhone Developer";
				COPY_PHASE_STRIP = NO;
				DEBUG_INFORMATION_FORMAT = "dwarf-with-dsym";
				ENABLE_NS_ASSERTIONS = NO;
				ENABLE_STRICT_OBJC_MSGSEND = YES;
				GCC_C_LANGUAGE_STANDARD = gnu99;
				GCC_NO_COMMON_BLOCKS = YES;
				GCC_WARN_64_TO_32_BIT_CONVERSION = YES;
				GCC_WARN_ABOUT_RETURN_TYPE = YES_ERROR;
				GCC_WARN_UNDECLARED_SELECTOR = YES;
				GCC_WARN_UNINITIALIZED_AUTOS = YES_AGGRESSIVE;
				GCC_WARN_UNUSED_FUNCTION = YES;
				GCC_WARN_UNUSED_VARIABLE = YES;
				IPHONEOS_DEPLOYMENT_TARGET = 9.0;
				MTL_ENABLE_DEBUG_INFO = NO;
				SDKROOT = iphoneos;
				TARGETED_DEVICE_FAMILY = "1,2";
				VALIDATE_PRODUCT = YES;
			};
			name = Release;
		};
		4951BBED1BCB90710034D872 /* Debug */ = {
			isa = XCBuildConfiguration;
			buildSettings = {
				ASSETCATALOG_COMPILER_APPICON_NAME = AppIcon;
				INFOPLIST_FILE = "Virtual Tourist/Info.plist";
				LD_RUNPATH_SEARCH_PATHS = "$(inherited) @executable_path/Frameworks";
				PRODUCT_BUNDLE_IDENTIFIER = "com.syntaxin1A.Virtual-Tourist";
				PRODUCT_NAME = "$(TARGET_NAME)";
			};
			name = Debug;
		};
		4951BBEE1BCB90710034D872 /* Release */ = {
			isa = XCBuildConfiguration;
			buildSettings = {
				ASSETCATALOG_COMPILER_APPICON_NAME = AppIcon;
				INFOPLIST_FILE = "Virtual Tourist/Info.plist";
				LD_RUNPATH_SEARCH_PATHS = "$(inherited) @executable_path/Frameworks";
				PRODUCT_BUNDLE_IDENTIFIER = "com.syntaxin1A.Virtual-Tourist";
				PRODUCT_NAME = "$(TARGET_NAME)";
			};
			name = Release;
		};
		4951BBF01BCB90710034D872 /* Debug */ = {
			isa = XCBuildConfiguration;
			buildSettings = {
				BUNDLE_LOADER = "$(TEST_HOST)";
				INFOPLIST_FILE = "Virtual TouristTests/Info.plist";
				LD_RUNPATH_SEARCH_PATHS = "$(inherited) @executable_path/Frameworks @loader_path/Frameworks";
				PRODUCT_BUNDLE_IDENTIFIER = "com.syntaxin1A.Virtual-TouristTests";
				PRODUCT_NAME = "$(TARGET_NAME)";
				TEST_HOST = "$(BUILT_PRODUCTS_DIR)/Virtual Tourist.app/Virtual Tourist";
			};
			name = Debug;
		};
		4951BBF11BCB90710034D872 /* Release */ = {
			isa = XCBuildConfiguration;
			buildSettings = {
				BUNDLE_LOADER = "$(TEST_HOST)";
				INFOPLIST_FILE = "Virtual TouristTests/Info.plist";
				LD_RUNPATH_SEARCH_PATHS = "$(inherited) @executable_path/Frameworks @loader_path/Frameworks";
				PRODUCT_BUNDLE_IDENTIFIER = "com.syntaxin1A.Virtual-TouristTests";
				PRODUCT_NAME = "$(TARGET_NAME)";
				TEST_HOST = "$(BUILT_PRODUCTS_DIR)/Virtual Tourist.app/Virtual Tourist";
			};
			name = Release;
		};
		4951BBF31BCB90710034D872 /* Debug */ = {
			isa = XCBuildConfiguration;
			buildSettings = {
				INFOPLIST_FILE = "Virtual TouristUITests/Info.plist";
				LD_RUNPATH_SEARCH_PATHS = "$(inherited) @executable_path/Frameworks @loader_path/Frameworks";
				PRODUCT_BUNDLE_IDENTIFIER = "com.syntaxin1A.Virtual-TouristUITests";
				PRODUCT_NAME = "$(TARGET_NAME)";
				TEST_TARGET_NAME = "Virtual Tourist";
				USES_XCTRUNNER = YES;
			};
			name = Debug;
		};
		4951BBF41BCB90710034D872 /* Release */ = {
			isa = XCBuildConfiguration;
			buildSettings = {
				INFOPLIST_FILE = "Virtual TouristUITests/Info.plist";
				LD_RUNPATH_SEARCH_PATHS = "$(inherited) @executable_path/Frameworks @loader_path/Frameworks";
				PRODUCT_BUNDLE_IDENTIFIER = "com.syntaxin1A.Virtual-TouristUITests";
				PRODUCT_NAME = "$(TARGET_NAME)";
				TEST_TARGET_NAME = "Virtual Tourist";
				USES_XCTRUNNER = YES;
			};
			name = Release;
		};
/* End XCBuildConfiguration section */

/* Begin XCConfigurationList section */
		4951BBBC1BCB90710034D872 /* Build configuration list for PBXProject "Virtual Tourist" */ = {
			isa = XCConfigurationList;
			buildConfigurations = (
				4951BBEA1BCB90710034D872 /* Debug */,
				4951BBEB1BCB90710034D872 /* Release */,
			);
			defaultConfigurationIsVisible = 0;
			defaultConfigurationName = Release;
		};
		4951BBEC1BCB90710034D872 /* Build configuration list for PBXNativeTarget "Virtual Tourist" */ = {
			isa = XCConfigurationList;
			buildConfigurations = (
				4951BBED1BCB90710034D872 /* Debug */,
				4951BBEE1BCB90710034D872 /* Release */,
			);
			defaultConfigurationIsVisible = 0;
			defaultConfigurationName = Release;
		};
		4951BBEF1BCB90710034D872 /* Build configuration list for PBXNativeTarget "Virtual TouristTests" */ = {
			isa = XCConfigurationList;
			buildConfigurations = (
				4951BBF01BCB90710034D872 /* Debug */,
				4951BBF11BCB90710034D872 /* Release */,
			);
			defaultConfigurationIsVisible = 0;
			defaultConfigurationName = Release;
		};
		4951BBF21BCB90710034D872 /* Build configuration list for PBXNativeTarget "Virtual TouristUITests" */ = {
			isa = XCConfigurationList;
			buildConfigurations = (
				4951BBF31BCB90710034D872 /* Debug */,
				4951BBF41BCB90710034D872 /* Release */,
			);
			defaultConfigurationIsVisible = 0;
			defaultConfigurationName = Release;
		};
/* End XCConfigurationList section */

/* Begin XCVersionGroup section */
		496DF9F51BD490CC0018BD17 /* Model.xcdatamodeld */ = {
			isa = XCVersionGroup;
			children = (
				496DF9F61BD490CC0018BD17 /* Model.xcdatamodel */,
			);
			currentVersion = 496DF9F61BD490CC0018BD17 /* Model.xcdatamodel */;
			path = Model.xcdatamodeld;
			sourceTree = "<group>";
			versionGroupType = wrapper.xcdatamodel;
		};
/* End XCVersionGroup section */
	};
	rootObject = 4951BBB91BCB90710034D872 /* Project object */;
}
